
Microsoft Visual Studio Solution File, Format Version 12.00
# Visual Studio 14
VisualStudioVersion = 14.0.25420.1
MinimumVisualStudioVersion = 10.0.40219.1
Project("{FAE04EC0-301F-11D3-BF4B-00C04F79EFBC}") = "PauFacultyPortal.Models", "PauFacultyPortal.Models\PauFacultyPortal.Models.csproj", "{F926C49F-DFE9-48F5-8FB4-7417F688C3F1}"
EndProject
Project("{FAE04EC0-301F-11D3-BF4B-00C04F79EFBC}") = "PauFacultyPortal.Service", "PauFacultyPortal.Service\PauFacultyPortal.Service.csproj", "{4E2118B4-E0E0-4261-A6FE-A7D0E6029965}"
EndProject
Global
	GlobalSection(SolutionConfigurationPlatforms) = preSolution
		Debug|Any CPU = Debug|Any CPU
		Release|Any CPU = Release|Any CPU
	EndGlobalSection
	GlobalSection(ProjectConfigurationPlatforms) = postSolution
		{F926C49F-DFE9-48F5-8FB4-7417F688C3F1}.Debug|Any CPU.ActiveCfg = Debug|Any CPU
		{F926C49F-DFE9-48F5-8FB4-7417F688C3F1}.Debug|Any CPU.Build.0 = Debug|Any CPU
		{F926C49F-DFE9-48F5-8FB4-7417F688C3F1}.Release|Any CPU.ActiveCfg = Release|Any CPU
		{F926C49F-DFE9-48F5-8FB4-7417F688C3F1}.Release|Any CPU.Build.0 = Release|Any CPU
		{4E2118B4-E0E0-4261-A6FE-A7D0E6029965}.Debug|Any CPU.ActiveCfg = Debug|Any CPU
		{4E2118B4-E0E0-4261-A6FE-A7D0E6029965}.Debug|Any CPU.Build.0 = Debug|Any CPU
		{4E2118B4-E0E0-4261-A6FE-A7D0E6029965}.Release|Any CPU.ActiveCfg = Release|Any CPU
		{4E2118B4-E0E0-4261-A6FE-A7D0E6029965}.Release|Any CPU.Build.0 = Release|Any CPU
	EndGlobalSection
	GlobalSection(SolutionProperties) = preSolution
		HideSolutionNode = FALSE
	EndGlobalSection
EndGlobal
